
Microsoft Visual Studio Solution File, Format Version 12.00
# Visual Studio 15
VisualStudioVersion = 15.0.26124.0
MinimumVisualStudioVersion = 15.0.26124.0
Project("{2150E333-8FDC-42A3-9474-1A3956D46DE8}") = "src", "src", "{F4D4A23C-B6EB-4579-A3CD-E384EEDCF697}"
EndProject
Project("{2150E333-8FDC-42A3-9474-1A3956D46DE8}") = "test", "test", "{DC89B326-AAF9-42B9-BAF5-BC54D8F36A4A}"
EndProject
Project("{2150E333-8FDC-42A3-9474-1A3956D46DE8}") = "docs", "docs", "{D53D139F-05D5-4357-BC94-01ED77AD579E}"
EndProject
Project("{9A19103F-16F7-4668-BE54-9A1E7A4F7556}") = "UserAdvice.Web", "src\UserAdvice.Web\UserAdvice.Web.csproj", "{641117E3-54C3-4E41-9D73-E2D3F5736391}"
EndProject
Project("{2150E333-8FDC-42A3-9474-1A3956D46DE8}") = "Solution Items", "Solution Items", "{7062DE8E-9A6A-499F-A538-A939A80CBDC6}"
	ProjectSection(SolutionItems) = preProject
		.gitignore = .gitignore
	EndProjectSection
EndProject
Project("{FAE04EC0-301F-11D3-BF4B-00C04F79EFBC}") = "UserAdvice.App", "src\UserAdvice.App\UserAdvice.App.csproj", "{6DADBCF1-4228-4F75-BCCA-711520E2C662}"
EndProject
Global
	GlobalSection(SolutionConfigurationPlatforms) = preSolution
		Debug|Any CPU = Debug|Any CPU
		Debug|x64 = Debug|x64
		Debug|x86 = Debug|x86
		Release|Any CPU = Release|Any CPU
		Release|x64 = Release|x64
		Release|x86 = Release|x86
	EndGlobalSection
	GlobalSection(ProjectConfigurationPlatforms) = postSolution
		{641117E3-54C3-4E41-9D73-E2D3F5736391}.Debug|Any CPU.ActiveCfg = Debug|Any CPU
		{641117E3-54C3-4E41-9D73-E2D3F5736391}.Debug|Any CPU.Build.0 = Debug|Any CPU
		{641117E3-54C3-4E41-9D73-E2D3F5736391}.Debug|x64.ActiveCfg = Debug|Any CPU
		{641117E3-54C3-4E41-9D73-E2D3F5736391}.Debug|x64.Build.0 = Debug|Any CPU
		{641117E3-54C3-4E41-9D73-E2D3F5736391}.Debug|x86.ActiveCfg = Debug|Any CPU
		{641117E3-54C3-4E41-9D73-E2D3F5736391}.Debug|x86.Build.0 = Debug|Any CPU
		{641117E3-54C3-4E41-9D73-E2D3F5736391}.Release|Any CPU.ActiveCfg = Release|Any CPU
		{641117E3-54C3-4E41-9D73-E2D3F5736391}.Release|Any CPU.Build.0 = Release|Any CPU
		{641117E3-54C3-4E41-9D73-E2D3F5736391}.Release|x64.ActiveCfg = Release|Any CPU
		{641117E3-54C3-4E41-9D73-E2D3F5736391}.Release|x64.Build.0 = Release|Any CPU
		{641117E3-54C3-4E41-9D73-E2D3F5736391}.Release|x86.ActiveCfg = Release|Any CPU
		{641117E3-54C3-4E41-9D73-E2D3F5736391}.Release|x86.Build.0 = Release|Any CPU
		{6DADBCF1-4228-4F75-BCCA-711520E2C662}.Debug|Any CPU.ActiveCfg = Debug|Any CPU
		{6DADBCF1-4228-4F75-BCCA-711520E2C662}.Debug|Any CPU.Build.0 = Debug|Any CPU
		{6DADBCF1-4228-4F75-BCCA-711520E2C662}.Debug|x64.ActiveCfg = Debug|Any CPU
		{6DADBCF1-4228-4F75-BCCA-711520E2C662}.Debug|x64.Build.0 = Debug|Any CPU
		{6DADBCF1-4228-4F75-BCCA-711520E2C662}.Debug|x86.ActiveCfg = Debug|Any CPU
		{6DADBCF1-4228-4F75-BCCA-711520E2C662}.Debug|x86.Build.0 = Debug|Any CPU
		{6DADBCF1-4228-4F75-BCCA-711520E2C662}.Release|Any CPU.ActiveCfg = Release|Any CPU
		{6DADBCF1-4228-4F75-BCCA-711520E2C662}.Release|Any CPU.Build.0 = Release|Any CPU
		{6DADBCF1-4228-4F75-BCCA-711520E2C662}.Release|x64.ActiveCfg = Release|Any CPU
		{6DADBCF1-4228-4F75-BCCA-711520E2C662}.Release|x64.Build.0 = Release|Any CPU
		{6DADBCF1-4228-4F75-BCCA-711520E2C662}.Release|x86.ActiveCfg = Release|Any CPU
		{6DADBCF1-4228-4F75-BCCA-711520E2C662}.Release|x86.Build.0 = Release|Any CPU
	EndGlobalSection
	GlobalSection(SolutionProperties) = preSolution
		HideSolutionNode = FALSE
	EndGlobalSection
	GlobalSection(NestedProjects) = preSolution
		{641117E3-54C3-4E41-9D73-E2D3F5736391} = {F4D4A23C-B6EB-4579-A3CD-E384EEDCF697}
		{6DADBCF1-4228-4F75-BCCA-711520E2C662} = {F4D4A23C-B6EB-4579-A3CD-E384EEDCF697}
	EndGlobalSection
	GlobalSection(ExtensibilityGlobals) = postSolution
		SolutionGuid = {EC389188-AE35-4854-880F-847E53AE8760}
	EndGlobalSection
EndGlobal
